// !$*UTF8*$!
{
	archiveVersion = 1;
	classes = {
	};
	objectVersion = 46;
	objects = {

/* Begin PBXBuildFile section */
		B8B13BCE1BFDBC0900B5BF2B /* UIViewController+RSKKeyboardAnimationObserver.m in Sources */ = {isa = PBXBuildFile; fileRef = B8B13BCD1BFDBC0900B5BF2B /* UIViewController+RSKKeyboardAnimationObserver.m */; settings = {ASSET_TAGS = (); }; };
		B8B13BE11BFDC1DF00B5BF2B /* AppDelegate.m in Sources */ = {isa = PBXBuildFile; fileRef = B8B13BD81BFDC1DF00B5BF2B /* AppDelegate.m */; settings = {ASSET_TAGS = (); }; };
		B8B13BE21BFDC1DF00B5BF2B /* Main.storyboard in Resources */ = {isa = PBXBuildFile; fileRef = B8B13BD91BFDC1DF00B5BF2B /* Main.storyboard */; settings = {ASSET_TAGS = (); }; };
		B8B13BE31BFDC1DF00B5BF2B /* Images.xcassets in Resources */ = {isa = PBXBuildFile; fileRef = B8B13BDB1BFDC1DF00B5BF2B /* Images.xcassets */; settings = {ASSET_TAGS = (); }; };
		B8B13BE51BFDC1DF00B5BF2B /* LaunchScreen.xib in Resources */ = {isa = PBXBuildFile; fileRef = B8B13BDD1BFDC1DF00B5BF2B /* LaunchScreen.xib */; settings = {ASSET_TAGS = (); }; };
		B8B13BE61BFDC1DF00B5BF2B /* main.m in Sources */ = {isa = PBXBuildFile; fileRef = B8B13BDE1BFDC1DF00B5BF2B /* main.m */; settings = {ASSET_TAGS = (); }; };
		B8B13BE71BFDC1DF00B5BF2B /* ViewController.m in Sources */ = {isa = PBXBuildFile; fileRef = B8B13BE01BFDC1DF00B5BF2B /* ViewController.m */; settings = {ASSET_TAGS = (); }; };
/* End PBXBuildFile section */

/* Begin PBXFileReference section */
		3AFC41971A657A410057B5CA /* KeyboardAnimationDemo.app */ = {isa = PBXFileReference; explicitFileType = wrapper.application; includeInIndex = 0; path = KeyboardAnimationDemo.app; sourceTree = BUILT_PRODUCTS_DIR; };
		B8B13BCB1BFDBC0900B5BF2B /* RSKKeyboardAnimationObserver.h */ = {isa = PBXFileReference; fileEncoding = 4; lastKnownFileType = sourcecode.c.h; path = RSKKeyboardAnimationObserver.h; sourceTree = "<group>"; };
		B8B13BCC1BFDBC0900B5BF2B /* UIViewController+RSKKeyboardAnimationObserver.h */ = {isa = PBXFileReference; fileEncoding = 4; lastKnownFileType = sourcecode.c.h; path = "UIViewController+RSKKeyboardAnimationObserver.h"; sourceTree = "<group>"; };
		B8B13BCD1BFDBC0900B5BF2B /* UIViewController+RSKKeyboardAnimationObserver.m */ = {isa = PBXFileReference; fileEncoding = 4; lastKnownFileType = sourcecode.c.objc; path = "UIViewController+RSKKeyboardAnimationObserver.m"; sourceTree = "<group>"; };
		B8B13BD71BFDC1DF00B5BF2B /* AppDelegate.h */ = {isa = PBXFileReference; fileEncoding = 4; lastKnownFileType = sourcecode.c.h; path = AppDelegate.h; sourceTree = "<group>"; };
		B8B13BD81BFDC1DF00B5BF2B /* AppDelegate.m */ = {isa = PBXFileReference; fileEncoding = 4; lastKnownFileType = sourcecode.c.objc; path = AppDelegate.m; sourceTree = "<group>"; };
		B8B13BDA1BFDC1DF00B5BF2B /* Base */ = {isa = PBXFileReference; lastKnownFileType = file.storyboard; name = Base; path = Base.lproj/Main.storyboard; sourceTree = "<group>"; };
		B8B13BDB1BFDC1DF00B5BF2B /* Images.xcassets */ = {isa = PBXFileReference; lastKnownFileType = folder.assetcatalog; path = Images.xcassets; sourceTree = "<group>"; };
		B8B13BDC1BFDC1DF00B5BF2B /* Info.plist */ = {isa = PBXFileReference; fileEncoding = 4; lastKnownFileType = text.plist.xml; path = Info.plist; sourceTree = "<group>"; };
		B8B13BDD1BFDC1DF00B5BF2B /* LaunchScreen.xib */ = {isa = PBXFileReference; fileEncoding = 4; lastKnownFileType = file.xib; path = LaunchScreen.xib; sourceTree = "<group>"; };
		B8B13BDE1BFDC1DF00B5BF2B /* main.m */ = {isa = PBXFileReference; fileEncoding = 4; lastKnownFileType = sourcecode.c.objc; path = main.m; sourceTree = "<group>"; };
		B8B13BDF1BFDC1DF00B5BF2B /* ViewController.h */ = {isa = PBXFileReference; fileEncoding = 4; lastKnownFileType = sourcecode.c.h; path = ViewController.h; sourceTree = "<group>"; };
		B8B13BE01BFDC1DF00B5BF2B /* ViewController.m */ = {isa = PBXFileReference; fileEncoding = 4; lastKnownFileType = sourcecode.c.objc; path = ViewController.m; sourceTree = "<group>"; };
/* End PBXFileReference section */

/* Begin PBXFrameworksBuildPhase section */
		3AFC41941A657A410057B5CA /* Frameworks */ = {
			isa = PBXFrameworksBuildPhase;
			buildActionMask = 2147483647;
			files = (
			);
			runOnlyForDeploymentPostprocessing = 0;
		};
/* End PBXFrameworksBuildPhase section */

/* Begin PBXGroup section */
		3AFC418E1A657A410057B5CA = {
			isa = PBXGroup;
			children = (
				B8B13BD61BFDC1DF00B5BF2B /* Classes */,
				B8B13BB31BFD9ADD00B5BF2B /* Vendor */,
				3AFC41981A657A410057B5CA /* Products */,
			);
			sourceTree = "<group>";
		};
		3AFC41981A657A410057B5CA /* Products */ = {
			isa = PBXGroup;
			children = (
				3AFC41971A657A410057B5CA /* KeyboardAnimationDemo.app */,
			);
			name = Products;
			sourceTree = "<group>";
		};
		B8B13BB31BFD9ADD00B5BF2B /* Vendor */ = {
			isa = PBXGroup;
			children = (
				B8B13BCA1BFDBC0900B5BF2B /* RSKKeyboardAnimationObserver */,
			);
			name = Vendor;
			sourceTree = "<group>";
		};
		B8B13BCA1BFDBC0900B5BF2B /* RSKKeyboardAnimationObserver */ = {
			isa = PBXGroup;
			children = (
				B8B13BCB1BFDBC0900B5BF2B /* RSKKeyboardAnimationObserver.h */,
				B8B13BCC1BFDBC0900B5BF2B /* UIViewController+RSKKeyboardAnimationObserver.h */,
				B8B13BCD1BFDBC0900B5BF2B /* UIViewController+RSKKeyboardAnimationObserver.m */,
			);
			name = RSKKeyboardAnimationObserver;
			path = ../RSKKeyboardAnimationObserver;
			sourceTree = "<group>";
		};
		B8B13BD61BFDC1DF00B5BF2B /* Classes */ = {
			isa = PBXGroup;
			children = (
				B8B13BD71BFDC1DF00B5BF2B /* AppDelegate.h */,
				B8B13BD81BFDC1DF00B5BF2B /* AppDelegate.m */,
				B8B13BE81BFDC23100B5BF2B /* Controllers */,
				B8B13BD91BFDC1DF00B5BF2B /* Main.storyboard */,
				B8B13BDB1BFDC1DF00B5BF2B /* Images.xcassets */,
				B8B13BDD1BFDC1DF00B5BF2B /* LaunchScreen.xib */,
				B8B13BE91BFDC24A00B5BF2B /* Supporting Files */,
			);
			name = Classes;
			path = RSKKeyboardAnimationObserverDemo;
			sourceTree = "<group>";
		};
		B8B13BE81BFDC23100B5BF2B /* Controllers */ = {
			isa = PBXGroup;
			children = (
				B8B13BDF1BFDC1DF00B5BF2B /* ViewController.h */,
				B8B13BE01BFDC1DF00B5BF2B /* ViewController.m */,
			);
			name = Controllers;
			sourceTree = "<group>";
		};
		B8B13BE91BFDC24A00B5BF2B /* Supporting Files */ = {
			isa = PBXGroup;
			children = (
				B8B13BDC1BFDC1DF00B5BF2B /* Info.plist */,
				B8B13BDE1BFDC1DF00B5BF2B /* main.m */,
			);
			name = "Supporting Files";
			sourceTree = "<group>";
		};
/* End PBXGroup section */

/* Begin PBXNativeTarget section */
		3AFC41961A657A410057B5CA /* KeyboardAnimationDemo */ = {
			isa = PBXNativeTarget;
			buildConfigurationList = 3AFC41BA1A657A420057B5CA /* Build configuration list for PBXNativeTarget "KeyboardAnimationDemo" */;
			buildPhases = (
				3AFC41931A657A410057B5CA /* Sources */,
				3AFC41941A657A410057B5CA /* Frameworks */,
				3AFC41951A657A410057B5CA /* Resources */,
			);
			buildRules = (
			);
			dependencies = (
			);
			name = KeyboardAnimationDemo;
			productName = KeyboardAnimationDemo;
			productReference = 3AFC41971A657A410057B5CA /* KeyboardAnimationDemo.app */;
			productType = "com.apple.product-type.application";
		};
/* End PBXNativeTarget section */

/* Begin PBXProject section */
		3AFC418F1A657A410057B5CA /* Project object */ = {
			isa = PBXProject;
			attributes = {
				LastUpgradeCheck = 0700;
				ORGANIZATIONNAME = "Ruslan Skorb";
				TargetAttributes = {
					3AFC41961A657A410057B5CA = {
						CreatedOnToolsVersion = 6.1.1;
					};
				};
			};
			buildConfigurationList = 3AFC41921A657A410057B5CA /* Build configuration list for PBXProject "RSKKeyboardAnimationObserverDemo" */;
			compatibilityVersion = "Xcode 3.2";
			developmentRegion = English;
			hasScannedForEncodings = 0;
			knownRegions = (
				en,
				Base,
			);
			mainGroup = 3AFC418E1A657A410057B5CA;
			productRefGroup = 3AFC41981A657A410057B5CA /* Products */;
			projectDirPath = "";
			projectRoot = "";
			targets = (
				3AFC41961A657A410057B5CA /* KeyboardAnimationDemo */,
			);
		};
/* End PBXProject section */

/* Begin PBXResourcesBuildPhase section */
		3AFC41951A657A410057B5CA /* Resources */ = {
			isa = PBXResourcesBuildPhase;
			buildActionMask = 2147483647;
			files = (
				B8B13BE31BFDC1DF00B5BF2B /* Images.xcassets in Resources */,
				B8B13BE51BFDC1DF00B5BF2B /* LaunchScreen.xib in Resources */,
				B8B13BE21BFDC1DF00B5BF2B /* Main.storyboard in Resources */,
			);
			runOnlyForDeploymentPostprocessing = 0;
		};
/* End PBXResourcesBuildPhase section */

/* Begin PBXSourcesBuildPhase section */
		3AFC41931A657A410057B5CA /* Sources */ = {
			isa = PBXSourcesBuildPhase;
			buildActionMask = 2147483647;
			files = (
				B8B13BE71BFDC1DF00B5BF2B /* ViewController.m in Sources */,
				B8B13BCE1BFDBC0900B5BF2B /* UIViewController+RSKKeyboardAnimationObserver.m in Sources */,
				B8B13BE61BFDC1DF00B5BF2B /* main.m in Sources */,
				B8B13BE11BFDC1DF00B5BF2B /* AppDelegate.m in Sources */,
			);
			runOnlyForDeploymentPostprocessing = 0;
		};
/* End PBXSourcesBuildPhase section */

/* Begin PBXVariantGroup section */
		B8B13BD91BFDC1DF00B5BF2B /* Main.storyboard */ = {
			isa = PBXVariantGroup;
			children = (
				B8B13BDA1BFDC1DF00B5BF2B /* Base */,
			);
			name = Main.storyboard;
			sourceTree = "<group>";
		};
/* End PBXVariantGroup section */

/* Begin XCBuildConfiguration section */
		3AFC41B81A657A420057B5CA /* Debug */ = {
			isa = XCBuildConfiguration;
			buildSettings = {
				ALWAYS_SEARCH_USER_PATHS = NO;
				CLANG_CXX_LANGUAGE_STANDARD = "gnu++0x";
				CLANG_CXX_LIBRARY = "libc++";
				CLANG_ENABLE_MODULES = YES;
				CLANG_ENABLE_OBJC_ARC = YES;
				CLANG_WARN_BOOL_CONVERSION = YES;
				CLANG_WARN_CONSTANT_CONVERSION = YES;
				CLANG_WARN_DIRECT_OBJC_ISA_USAGE = YES_ERROR;
				CLANG_WARN_EMPTY_BODY = YES;
				CLANG_WARN_ENUM_CONVERSION = YES;
				CLANG_WARN_INT_CONVERSION = YES;
				CLANG_WARN_OBJC_ROOT_CLASS = YES_ERROR;
				CLANG_WARN_UNREACHABLE_CODE = YES;
				CLANG_WARN__DUPLICATE_METHOD_MATCH = YES;
				"CODE_SIGN_IDENTITY[sdk=iphoneos*]" = "iPhone Developer";
				COPY_PHASE_STRIP = NO;
				ENABLE_STRICT_OBJC_MSGSEND = YES;
				ENABLE_TESTABILITY = YES;
				GCC_C_LANGUAGE_STANDARD = gnu99;
				GCC_DYNAMIC_NO_PIC = NO;
				GCC_OPTIMIZATION_LEVEL = 0;
				GCC_PREPROCESSOR_DEFINITIONS = (
					"DEBUG=1",
					"$(inherited)",
				);
				GCC_SYMBOLS_PRIVATE_EXTERN = NO;
				GCC_WARN_64_TO_32_BIT_CONVERSION = YES;
				GCC_WARN_ABOUT_RETURN_TYPE = YES_ERROR;
				GCC_WARN_UNDECLARED_SELECTOR = YES;
				GCC_WARN_UNINITIALIZED_AUTOS = YES_AGGRESSIVE;
				GCC_WARN_UNUSED_FUNCTION = YES;
				GCC_WARN_UNUSED_VARIABLE = YES;
				IPHONEOS_DEPLOYMENT_TARGET = 7.0;
				MTL_ENABLE_DEBUG_INFO = YES;
				ONLY_ACTIVE_ARCH = YES;
				SDKROOT = iphoneos;
			};
			name = Debug;
		};
		3AFC41B91A657A420057B5CA /* Release */ = {
			isa = XCBuildConfiguration;
			buildSettings = {
				ALWAYS_SEARCH_USER_PATHS = NO;
				CLANG_CXX_LANGUAGE_STANDARD = "gnu++0x";
				CLANG_CXX_LIBRARY = "libc++";
				CLANG_ENABLE_MODULES = YES;
				CLANG_ENABLE_OBJC_ARC = YES;
				CLANG_WARN_BOOL_CONVERSION = YES;
				CLANG_WARN_CONSTANT_CONVERSION = YES;
				CLANG_WARN_DIRECT_OBJC_ISA_USAGE = YES_ERROR;
				CLANG_WARN_EMPTY_BODY = YES;
				CLANG_WARN_ENUM_CONVERSION = YES;
				CLANG_WARN_INT_CONVERSION = YES;
				CLANG_WARN_OBJC_ROOT_CLASS = YES_ERROR;
				CLANG_WARN_UNREACHABLE_CODE = YES;
				CLANG_WARN__DUPLICATE_METHOD_MATCH = YES;
				"CODE_SIGN_IDENTITY[sdk=iphoneos*]" = "iPhone Developer";
				COPY_PHASE_STRIP = YES;
				ENABLE_NS_ASSERTIONS = NO;
				ENABLE_STRICT_OBJC_MSGSEND = YES;
				GCC_C_LANGUAGE_STANDARD = gnu99;
				GCC_WARN_64_TO_32_BIT_CONVERSION = YES;
				GCC_WARN_ABOUT_RETURN_TYPE = YES_ERROR;
				GCC_WARN_UNDECLARED_SELECTOR = YES;
				GCC_WARN_UNINITIALIZED_AUTOS = YES_AGGRESSIVE;
				GCC_WARN_UNUSED_FUNCTION = YES;
				GCC_WARN_UNUSED_VARIABLE = YES;
				IPHONEOS_DEPLOYMENT_TARGET = 7.0;
				MTL_ENABLE_DEBUG_INFO = NO;
				SDKROOT = iphoneos;
				VALIDATE_PRODUCT = YES;
			};
			name = Release;
		};
		3AFC41BB1A657A420057B5CA /* Debug */ = {
			isa = XCBuildConfiguration;
			buildSettings = {
				ASSETCATALOG_COMPILER_APPICON_NAME = AppIcon;
				ASSETCATALOG_COMPILER_LAUNCHIMAGE_NAME = LaunchImage;
				INFOPLIST_FILE = RSKKeyboardAnimationObserverDemo/Info.plist;
				IPHONEOS_DEPLOYMENT_TARGET = 7.0;
				LD_RUNPATH_SEARCH_PATHS = "$(inherited) @executable_path/Frameworks";
				PRODUCT_BUNDLE_IDENTIFIER = com.ruslanskorb.KeyboardAnimationDemo;
				PRODUCT_NAME = "$(TARGET_NAME)";
			};
			name = Debug;
		};
		3AFC41BC1A657A420057B5CA /* Release */ = {
			isa = XCBuildConfiguration;
			buildSettings = {
				ASSETCATALOG_COMPILER_APPICON_NAME = AppIcon;
				ASSETCATALOG_COMPILER_LAUNCHIMAGE_NAME = LaunchImage;
				INFOPLIST_FILE = RSKKeyboardAnimationObserverDemo/Info.plist;
				IPHONEOS_DEPLOYMENT_TARGET = 7.0;
				LD_RUNPATH_SEARCH_PATHS = "$(inherited) @executable_path/Frameworks";
				PRODUCT_BUNDLE_IDENTIFIER = com.ruslanskorb.KeyboardAnimationDemo;
				PRODUCT_NAME = "$(TARGET_NAME)";
			};
			name = Release;
		};
/* End XCBuildConfiguration section */

/* Begin XCConfigurationList section */
		3AFC41921A657A410057B5CA /* Build configuration list for PBXProject "RSKKeyboardAnimationObserverDemo" */ = {
			isa = XCConfigurationList;
			buildConfigurations = (
				3AFC41B81A657A420057B5CA /* Debug */,
				3AFC41B91A657A420057B5CA /* Release */,
			);
			defaultConfigurationIsVisible = 0;
			defaultConfigurationName = Release;
		};
		3AFC41BA1A657A420057B5CA /* Build configuration list for PBXNativeTarget "KeyboardAnimationDemo" */ = {
			isa = XCConfigurationList;
			buildConfigurations = (
				3AFC41BB1A657A420057B5CA /* Debug */,
				3AFC41BC1A657A420057B5CA /* Release */,
			);
			defaultConfigurationIsVisible = 0;
			defaultConfigurationName = Release;
		};
/* End XCConfigurationList section */
	};
	rootObject = 3AFC418F1A657A410057B5CA /* Project object */;
}
